// !$*UTF8*$!
{
	archiveVersion = 1;
	classes = {
	};
	objectVersion = 50;
	objects = {

/* Begin PBXBuildFile section */
		04219B17255CF2F500E0EE24 /* rasterization.cpp in Sources */ = {isa = PBXBuildFile; fileRef = 04ABA2E5255CF24200435C2C /* rasterization.cpp */; };
		04219B26255CFB5A00E0EE24 /* model.cpp in Sources */ = {isa = PBXBuildFile; fileRef = 04219B24255CFB5A00E0EE24 /* model.cpp */; };
		04219B27255CFB5A00E0EE24 /* model.h in Headers */ = {isa = PBXBuildFile; fileRef = 04219B25255CFB5A00E0EE24 /* model.h */; };
		04219B35255CFB8400E0EE24 /* geometry.h in Headers */ = {isa = PBXBuildFile; fileRef = 04219B34255CFB8400E0EE24 /* geometry.h */; };
		04219B4A255E262B00E0EE24 /* geometry.cpp in Sources */ = {isa = PBXBuildFile; fileRef = 04219B49255E262B00E0EE24 /* geometry.cpp */; };
		04219B53255E268700E0EE24 /* our_gl.cpp in Sources */ = {isa = PBXBuildFile; fileRef = 04219B51255E268700E0EE24 /* our_gl.cpp */; };
		04219B54255E268700E0EE24 /* our_gl.h in Headers */ = {isa = PBXBuildFile; fileRef = 04219B52255E268700E0EE24 /* our_gl.h */; };
		04ABA2D4255CF21700435C2C /* tgaimage.h in Headers */ = {isa = PBXBuildFile; fileRef = 04ABA2D2255CF21700435C2C /* tgaimage.h */; };
		04ABA2D5255CF21700435C2C /* tgaimage.cpp in Sources */ = {isa = PBXBuildFile; fileRef = 04ABA2D3255CF21700435C2C /* tgaimage.cpp */; };
		04ABA2E4255CF22E00435C2C /* libsrc.raster.dylib in Frameworks */ = {isa = PBXBuildFile; fileRef = 04D1A28F255A761500D89385 /* libsrc.raster.dylib */; };
		04D1A2E1255A76CC00D89385 /* stb_image_write.h in Headers */ = {isa = PBXBuildFile; fileRef = 04D1A2DF255A76CC00D89385 /* stb_image_write.h */; };
		04D1A2E2255A76CC00D89385 /* stb_image.h in Headers */ = {isa = PBXBuildFile; fileRef = 04D1A2E0255A76CC00D89385 /* stb_image.h */; };
		04D1A2FF255A772C00D89385 /* linked_list.cpp in Sources */ = {isa = PBXBuildFile; fileRef = 04D1A2FB255A772C00D89385 /* linked_list.cpp */; };
		04D1A300255A772C00D89385 /* stack.cpp in Sources */ = {isa = PBXBuildFile; fileRef = 04D1A2FC255A772C00D89385 /* stack.cpp */; };
		04D1A301255A772C00D89385 /* linked_list.hpp in Headers */ = {isa = PBXBuildFile; fileRef = 04D1A2FD255A772C00D89385 /* linked_list.hpp */; };
		04D1A302255A772C00D89385 /* stack.hpp in Headers */ = {isa = PBXBuildFile; fileRef = 04D1A2FE255A772C00D89385 /* stack.hpp */; };
		04D1A332255A774000D89385 /* moving_sphere.cpp in Sources */ = {isa = PBXBuildFile; fileRef = 04D1A30F255A773F00D89385 /* moving_sphere.cpp */; };
		04D1A333255A774000D89385 /* moving_sphere.h in Headers */ = {isa = PBXBuildFile; fileRef = 04D1A310255A773F00D89385 /* moving_sphere.h */; };
		04D1A334255A774000D89385 /* onb.h in Headers */ = {isa = PBXBuildFile; fileRef = 04D1A311255A773F00D89385 /* onb.h */; };
		04D1A335255A774000D89385 /* hittable.cpp in Sources */ = {isa = PBXBuildFile; fileRef = 04D1A312255A773F00D89385 /* hittable.cpp */; };
		04D1A336255A774000D89385 /* hittable_list.h in Headers */ = {isa = PBXBuildFile; fileRef = 04D1A313255A773F00D89385 /* hittable_list.h */; };
		04D1A337255A774000D89385 /* hittable.h in Headers */ = {isa = PBXBuildFile; fileRef = 04D1A314255A773F00D89385 /* hittable.h */; };
		04D1A338255A774000D89385 /* constants.h in Headers */ = {isa = PBXBuildFile; fileRef = 04D1A315255A773F00D89385 /* constants.h */; };
		04D1A339255A774000D89385 /* color.h in Headers */ = {isa = PBXBuildFile; fileRef = 04D1A316255A773F00D89385 /* color.h */; };
		04D1A33A255A774000D89385 /* material.h in Headers */ = {isa = PBXBuildFile; fileRef = 04D1A317255A773F00D89385 /* material.h */; };
		04D1A33B255A774000D89385 /* aarect.cpp in Sources */ = {isa = PBXBuildFile; fileRef = 04D1A318255A773F00D89385 /* aarect.cpp */; };
		04D1A33C255A774000D89385 /* constant_medium.h in Headers */ = {isa = PBXBuildFile; fileRef = 04D1A319255A773F00D89385 /* constant_medium.h */; };
		04D1A33D255A774000D89385 /* material.cpp in Sources */ = {isa = PBXBuildFile; fileRef = 04D1A31A255A773F00D89385 /* material.cpp */; };
		04D1A33E255A774000D89385 /* pdf.h in Headers */ = {isa = PBXBuildFile; fileRef = 04D1A31B255A773F00D89385 /* pdf.h */; };
		04D1A33F255A774000D89385 /* texture.cpp in Sources */ = {isa = PBXBuildFile; fileRef = 04D1A31C255A773F00D89385 /* texture.cpp */; };
		04D1A340255A774000D89385 /* sphere.h in Headers */ = {isa = PBXBuildFile; fileRef = 04D1A31D255A774000D89385 /* sphere.h */; };
		04D1A341255A774000D89385 /* pbr.h in Headers */ = {isa = PBXBuildFile; fileRef = 04D1A31E255A774000D89385 /* pbr.h */; };
		04D1A342255A774000D89385 /* box.cpp in Sources */ = {isa = PBXBuildFile; fileRef = 04D1A31F255A774000D89385 /* box.cpp */; };
		04D1A343255A774000D89385 /* hittable_list.cpp in Sources */ = {isa = PBXBuildFile; fileRef = 04D1A320255A774000D89385 /* hittable_list.cpp */; };
		04D1A344255A774000D89385 /* sphere.cpp in Sources */ = {isa = PBXBuildFile; fileRef = 04D1A321255A774000D89385 /* sphere.cpp */; };
		04D1A345255A774000D89385 /* onb.cpp in Sources */ = {isa = PBXBuildFile; fileRef = 04D1A322255A774000D89385 /* onb.cpp */; };
		04D1A346255A774000D89385 /* aabb.h in Headers */ = {isa = PBXBuildFile; fileRef = 04D1A323255A774000D89385 /* aabb.h */; };
		04D1A347255A774000D89385 /* stb_image_importer.h in Headers */ = {isa = PBXBuildFile; fileRef = 04D1A324255A774000D89385 /* stb_image_importer.h */; };
		04D1A348255A774000D89385 /* box.h in Headers */ = {isa = PBXBuildFile; fileRef = 04D1A325255A774000D89385 /* box.h */; };
		04D1A349255A774000D89385 /* bvh.cpp in Sources */ = {isa = PBXBuildFile; fileRef = 04D1A326255A774000D89385 /* bvh.cpp */; };
		04D1A34A255A774000D89385 /* parallel.h in Headers */ = {isa = PBXBuildFile; fileRef = 04D1A327255A774000D89385 /* parallel.h */; };
		04D1A34B255A774000D89385 /* texture.h in Headers */ = {isa = PBXBuildFile; fileRef = 04D1A328255A774000D89385 /* texture.h */; };
		04D1A34C255A774000D89385 /* constant_medium.cpp in Sources */ = {isa = PBXBuildFile; fileRef = 04D1A329255A774000D89385 /* constant_medium.cpp */; };
		04D1A34D255A774000D89385 /* camera.h in Headers */ = {isa = PBXBuildFile; fileRef = 04D1A32A255A774000D89385 /* camera.h */; };
		04D1A34E255A774000D89385 /* perlin.h in Headers */ = {isa = PBXBuildFile; fileRef = 04D1A32B255A774000D89385 /* perlin.h */; };
		04D1A34F255A774000D89385 /* aarect.h in Headers */ = {isa = PBXBuildFile; fileRef = 04D1A32C255A774000D89385 /* aarect.h */; };
		04D1A350255A774000D89385 /* parallel-inl.h in Headers */ = {isa = PBXBuildFile; fileRef = 04D1A32D255A774000D89385 /* parallel-inl.h */; };
		04D1A351255A774000D89385 /* parallel.cpp in Sources */ = {isa = PBXBuildFile; fileRef = 04D1A32E255A774000D89385 /* parallel.cpp */; };
		04D1A352255A774000D89385 /* vec3.h in Headers */ = {isa = PBXBuildFile; fileRef = 04D1A32F255A774000D89385 /* vec3.h */; };
		04D1A353255A774000D89385 /* ray.h in Headers */ = {isa = PBXBuildFile; fileRef = 04D1A330255A774000D89385 /* ray.h */; };
		04D1A354255A774000D89385 /* bvh.h in Headers */ = {isa = PBXBuildFile; fileRef = 04D1A331255A774000D89385 /* bvh.h */; };
		04D1A3F5255A781C00D89385 /* stack_tests.cpp in Sources */ = {isa = PBXBuildFile; fileRef = 04D1A3F2255A781B00D89385 /* stack_tests.cpp */; };
		04D1A3F6255A781C00D89385 /* linked_list_tests.cpp in Sources */ = {isa = PBXBuildFile; fileRef = 04D1A3F3255A781C00D89385 /* linked_list_tests.cpp */; };
		04D1A426255A797000D89385 /* libsrc.tracing.dylib in Frameworks */ = {isa = PBXBuildFile; fileRef = 04D1A26C255A75EA00D89385 /* libsrc.tracing.dylib */; };
/* End PBXBuildFile section */

/* Begin PBXContainerItemProxy section */
		04ABA2E2255CF22A00435C2C /* PBXContainerItemProxy */ = {
			isa = PBXContainerItemProxy;
			containerPortal = 04D1A251255A755100D89385 /* Project object */;
			proxyType = 1;
			remoteGlobalIDString = 04D1A28E255A761500D89385;
			remoteInfo = src.raster;
		};
		04D1A423255A796A00D89385 /* PBXContainerItemProxy */ = {
			isa = PBXContainerItemProxy;
			containerPortal = 04D1A251255A755100D89385 /* Project object */;
			proxyType = 1;
			remoteGlobalIDString = 04D1A26B255A75EA00D89385;
			remoteInfo = src.tracing;
		};
/* End PBXContainerItemProxy section */

/* Begin PBXCopyFilesBuildPhase section */
		04D1A257255A755100D89385 /* CopyFiles */ = {
			isa = PBXCopyFilesBuildPhase;
			buildActionMask = 2147483647;
			dstPath = /usr/share/man/man1/;
			dstSubfolderSpec = 0;
			files = (
			);
			runOnlyForDeploymentPostprocessing = 1;
		};
		04D1A2B8255A764F00D89385 /* CopyFiles */ = {
			isa = PBXCopyFilesBuildPhase;
			buildActionMask = 2147483647;
			dstPath = /usr/share/man/man1/;
			dstSubfolderSpec = 0;
			files = (
			);
			runOnlyForDeploymentPostprocessing = 1;
		};
/* End PBXCopyFilesBuildPhase section */

/* Begin PBXFileReference section */
		04219B24255CFB5A00E0EE24 /* model.cpp */ = {isa = PBXFileReference; fileEncoding = 4; lastKnownFileType = sourcecode.cpp.cpp; path = model.cpp; sourceTree = "<group>"; };
		04219B25255CFB5A00E0EE24 /* model.h */ = {isa = PBXFileReference; fileEncoding = 4; lastKnownFileType = sourcecode.c.h; path = model.h; sourceTree = "<group>"; };
		04219B34255CFB8400E0EE24 /* geometry.h */ = {isa = PBXFileReference; fileEncoding = 4; lastKnownFileType = sourcecode.c.h; path = geometry.h; sourceTree = "<group>"; };
		04219B49255E262B00E0EE24 /* geometry.cpp */ = {isa = PBXFileReference; lastKnownFileType = sourcecode.cpp.cpp; path = geometry.cpp; sourceTree = "<group>"; };
		04219B51255E268700E0EE24 /* our_gl.cpp */ = {isa = PBXFileReference; lastKnownFileType = sourcecode.cpp.cpp; path = our_gl.cpp; sourceTree = "<group>"; };
		04219B52255E268700E0EE24 /* our_gl.h */ = {isa = PBXFileReference; lastKnownFileType = sourcecode.c.h; path = our_gl.h; sourceTree = "<group>"; };
		0449C028255A7BC500D3866B /* raymarching.cpp */ = {isa = PBXFileReference; lastKnownFileType = sourcecode.cpp.cpp; path = raymarching.cpp; sourceTree = "<group>"; };
		04ABA2D2255CF21700435C2C /* tgaimage.h */ = {isa = PBXFileReference; fileEncoding = 4; lastKnownFileType = sourcecode.c.h; path = tgaimage.h; sourceTree = "<group>"; };
		04ABA2D3255CF21700435C2C /* tgaimage.cpp */ = {isa = PBXFileReference; fileEncoding = 4; lastKnownFileType = sourcecode.cpp.cpp; path = tgaimage.cpp; sourceTree = "<group>"; };
		04ABA2E5255CF24200435C2C /* rasterization.cpp */ = {isa = PBXFileReference; lastKnownFileType = sourcecode.cpp.cpp; path = rasterization.cpp; sourceTree = "<group>"; };
		04D1A259255A755100D89385 /* apps */ = {isa = PBXFileReference; explicitFileType = "compiled.mach-o.executable"; includeInIndex = 0; path = apps; sourceTree = BUILT_PRODUCTS_DIR; };
		04D1A25C255A755100D89385 /* raytracing.cpp */ = {isa = PBXFileReference; lastKnownFileType = sourcecode.cpp.cpp; path = raytracing.cpp; sourceTree = "<group>"; };
		04D1A26C255A75EA00D89385 /* libsrc.tracing.dylib */ = {isa = PBXFileReference; explicitFileType = "compiled.mach-o.dylib"; includeInIndex = 0; path = libsrc.tracing.dylib; sourceTree = BUILT_PRODUCTS_DIR; };
		04D1A27D255A75F400D89385 /* libsrc.algos.dylib */ = {isa = PBXFileReference; explicitFileType = "compiled.mach-o.dylib"; includeInIndex = 0; path = libsrc.algos.dylib; sourceTree = BUILT_PRODUCTS_DIR; };
		04D1A28F255A761500D89385 /* libsrc.raster.dylib */ = {isa = PBXFileReference; explicitFileType = "compiled.mach-o.dylib"; includeInIndex = 0; path = libsrc.raster.dylib; sourceTree = BUILT_PRODUCTS_DIR; };
		04D1A2A6255A763C00D89385 /* libexternal.dylib */ = {isa = PBXFileReference; explicitFileType = "compiled.mach-o.dylib"; includeInIndex = 0; path = libexternal.dylib; sourceTree = BUILT_PRODUCTS_DIR; };
		04D1A2BA255A764F00D89385 /* unit_tests.algos */ = {isa = PBXFileReference; explicitFileType = "compiled.mach-o.executable"; includeInIndex = 0; path = unit_tests.algos; sourceTree = BUILT_PRODUCTS_DIR; };
		04D1A2DF255A76CC00D89385 /* stb_image_write.h */ = {isa = PBXFileReference; fileEncoding = 4; lastKnownFileType = sourcecode.c.h; path = stb_image_write.h; sourceTree = "<group>"; };
		04D1A2E0255A76CC00D89385 /* stb_image.h */ = {isa = PBXFileReference; fileEncoding = 4; lastKnownFileType = sourcecode.c.h; path = stb_image.h; sourceTree = "<group>"; };
		04D1A2FB255A772C00D89385 /* linked_list.cpp */ = {isa = PBXFileReference; fileEncoding = 4; lastKnownFileType = sourcecode.cpp.cpp; path = linked_list.cpp; sourceTree = "<group>"; };
		04D1A2FC255A772C00D89385 /* stack.cpp */ = {isa = PBXFileReference; fileEncoding = 4; lastKnownFileType = sourcecode.cpp.cpp; path = stack.cpp; sourceTree = "<group>"; };
		04D1A2FD255A772C00D89385 /* linked_list.hpp */ = {isa = PBXFileReference; fileEncoding = 4; lastKnownFileType = sourcecode.cpp.h; path = linked_list.hpp; sourceTree = "<group>"; };
		04D1A2FE255A772C00D89385 /* stack.hpp */ = {isa = PBXFileReference; fileEncoding = 4; lastKnownFileType = sourcecode.cpp.h; path = stack.hpp; sourceTree = "<group>"; };
		04D1A30F255A773F00D89385 /* moving_sphere.cpp */ = {isa = PBXFileReference; fileEncoding = 4; lastKnownFileType = sourcecode.cpp.cpp; path = moving_sphere.cpp; sourceTree = "<group>"; };
		04D1A310255A773F00D89385 /* moving_sphere.h */ = {isa = PBXFileReference; fileEncoding = 4; lastKnownFileType = sourcecode.c.h; path = moving_sphere.h; sourceTree = "<group>"; };
		04D1A311255A773F00D89385 /* onb.h */ = {isa = PBXFileReference; fileEncoding = 4; lastKnownFileType = sourcecode.c.h; path = onb.h; sourceTree = "<group>"; };
		04D1A312255A773F00D89385 /* hittable.cpp */ = {isa = PBXFileReference; fileEncoding = 4; lastKnownFileType = sourcecode.cpp.cpp; path = hittable.cpp; sourceTree = "<group>"; };
		04D1A313255A773F00D89385 /* hittable_list.h */ = {isa = PBXFileReference; fileEncoding = 4; lastKnownFileType = sourcecode.c.h; path = hittable_list.h; sourceTree = "<group>"; };
		04D1A314255A773F00D89385 /* hittable.h */ = {isa = PBXFileReference; fileEncoding = 4; lastKnownFileType = sourcecode.c.h; path = hittable.h; sourceTree = "<group>"; };
		04D1A315255A773F00D89385 /* constants.h */ = {isa = PBXFileReference; fileEncoding = 4; lastKnownFileType = sourcecode.c.h; path = constants.h; sourceTree = "<group>"; };
		04D1A316255A773F00D89385 /* color.h */ = {isa = PBXFileReference; fileEncoding = 4; lastKnownFileType = sourcecode.c.h; path = color.h; sourceTree = "<group>"; };
		04D1A317255A773F00D89385 /* material.h */ = {isa = PBXFileReference; fileEncoding = 4; lastKnownFileType = sourcecode.c.h; path = material.h; sourceTree = "<group>"; };
		04D1A318255A773F00D89385 /* aarect.cpp */ = {isa = PBXFileReference; fileEncoding = 4; lastKnownFileType = sourcecode.cpp.cpp; path = aarect.cpp; sourceTree = "<group>"; };
		04D1A319255A773F00D89385 /* constant_medium.h */ = {isa = PBXFileReference; fileEncoding = 4; lastKnownFileType = sourcecode.c.h; path = constant_medium.h; sourceTree = "<group>"; };
		04D1A31A255A773F00D89385 /* material.cpp */ = {isa = PBXFileReference; fileEncoding = 4; lastKnownFileType = sourcecode.cpp.cpp; path = material.cpp; sourceTree = "<group>"; };
		04D1A31B255A773F00D89385 /* pdf.h */ = {isa = PBXFileReference; fileEncoding = 4; lastKnownFileType = sourcecode.c.h; path = pdf.h; sourceTree = "<group>"; };
		04D1A31C255A773F00D89385 /* texture.cpp */ = {isa = PBXFileReference; fileEncoding = 4; lastKnownFileType = sourcecode.cpp.cpp; path = texture.cpp; sourceTree = "<group>"; };
		04D1A31D255A774000D89385 /* sphere.h */ = {isa = PBXFileReference; fileEncoding = 4; lastKnownFileType = sourcecode.c.h; path = sphere.h; sourceTree = "<group>"; };
		04D1A31E255A774000D89385 /* pbr.h */ = {isa = PBXFileReference; fileEncoding = 4; lastKnownFileType = sourcecode.c.h; path = pbr.h; sourceTree = "<group>"; };
		04D1A31F255A774000D89385 /* box.cpp */ = {isa = PBXFileReference; fileEncoding = 4; lastKnownFileType = sourcecode.cpp.cpp; path = box.cpp; sourceTree = "<group>"; };
		04D1A320255A774000D89385 /* hittable_list.cpp */ = {isa = PBXFileReference; fileEncoding = 4; lastKnownFileType = sourcecode.cpp.cpp; path = hittable_list.cpp; sourceTree = "<group>"; };
		04D1A321255A774000D89385 /* sphere.cpp */ = {isa = PBXFileReference; fileEncoding = 4; lastKnownFileType = sourcecode.cpp.cpp; path = sphere.cpp; sourceTree = "<group>"; };
		04D1A322255A774000D89385 /* onb.cpp */ = {isa = PBXFileReference; fileEncoding = 4; lastKnownFileType = sourcecode.cpp.cpp; path = onb.cpp; sourceTree = "<group>"; };
		04D1A323255A774000D89385 /* aabb.h */ = {isa = PBXFileReference; fileEncoding = 4; lastKnownFileType = sourcecode.c.h; path = aabb.h; sourceTree = "<group>"; };
		04D1A324255A774000D89385 /* stb_image_importer.h */ = {isa = PBXFileReference; fileEncoding = 4; lastKnownFileType = sourcecode.c.h; path = stb_image_importer.h; sourceTree = "<group>"; };
		04D1A325255A774000D89385 /* box.h */ = {isa = PBXFileReference; fileEncoding = 4; lastKnownFileType = sourcecode.c.h; path = box.h; sourceTree = "<group>"; };
		04D1A326255A774000D89385 /* bvh.cpp */ = {isa = PBXFileReference; fileEncoding = 4; lastKnownFileType = sourcecode.cpp.cpp; path = bvh.cpp; sourceTree = "<group>"; };
		04D1A327255A774000D89385 /* parallel.h */ = {isa = PBXFileReference; fileEncoding = 4; lastKnownFileType = sourcecode.c.h; path = parallel.h; sourceTree = "<group>"; };
		04D1A328255A774000D89385 /* texture.h */ = {isa = PBXFileReference; fileEncoding = 4; lastKnownFileType = sourcecode.c.h; path = texture.h; sourceTree = "<group>"; };
		04D1A329255A774000D89385 /* constant_medium.cpp */ = {isa = PBXFileReference; fileEncoding = 4; lastKnownFileType = sourcecode.cpp.cpp; path = constant_medium.cpp; sourceTree = "<group>"; };
		04D1A32A255A774000D89385 /* camera.h */ = {isa = PBXFileReference; fileEncoding = 4; lastKnownFileType = sourcecode.c.h; path = camera.h; sourceTree = "<group>"; };
		04D1A32B255A774000D89385 /* perlin.h */ = {isa = PBXFileReference; fileEncoding = 4; lastKnownFileType = sourcecode.c.h; path = perlin.h; sourceTree = "<group>"; };
		04D1A32C255A774000D89385 /* aarect.h */ = {isa = PBXFileReference; fileEncoding = 4; lastKnownFileType = sourcecode.c.h; path = aarect.h; sourceTree = "<group>"; };
		04D1A32D255A774000D89385 /* parallel-inl.h */ = {isa = PBXFileReference; fileEncoding = 4; lastKnownFileType = sourcecode.c.h; path = "parallel-inl.h"; sourceTree = "<group>"; };
		04D1A32E255A774000D89385 /* parallel.cpp */ = {isa = PBXFileReference; fileEncoding = 4; lastKnownFileType = sourcecode.cpp.cpp; path = parallel.cpp; sourceTree = "<group>"; };
		04D1A32F255A774000D89385 /* vec3.h */ = {isa = PBXFileReference; fileEncoding = 4; lastKnownFileType = sourcecode.c.h; path = vec3.h; sourceTree = "<group>"; };
		04D1A330255A774000D89385 /* ray.h */ = {isa = PBXFileReference; fileEncoding = 4; lastKnownFileType = sourcecode.c.h; path = ray.h; sourceTree = "<group>"; };
		04D1A331255A774000D89385 /* bvh.h */ = {isa = PBXFileReference; fileEncoding = 4; lastKnownFileType = sourcecode.c.h; path = bvh.h; sourceTree = "<group>"; };
		04D1A3F2255A781B00D89385 /* stack_tests.cpp */ = {isa = PBXFileReference; fileEncoding = 4; lastKnownFileType = sourcecode.cpp.cpp; path = stack_tests.cpp; sourceTree = "<group>"; };
		04D1A3F3255A781C00D89385 /* linked_list_tests.cpp */ = {isa = PBXFileReference; fileEncoding = 4; lastKnownFileType = sourcecode.cpp.cpp; path = linked_list_tests.cpp; sourceTree = "<group>"; };
		04D1A3FD255A787C00D89385 /* apps.entitlements */ = {isa = PBXFileReference; lastKnownFileType = text.plist.entitlements; path = apps.entitlements; sourceTree = "<group>"; };
		04D1A404255A788100D89385 /* unit_tests.algos.entitlements */ = {isa = PBXFileReference; lastKnownFileType = text.plist.entitlements; path = unit_tests.algos.entitlements; sourceTree = "<group>"; };
/* End PBXFileReference section */

/* Begin PBXFrameworksBuildPhase section */
		04D1A256255A755100D89385 /* Frameworks */ = {
			isa = PBXFrameworksBuildPhase;
			buildActionMask = 2147483647;
			files = (
				04ABA2E4255CF22E00435C2C /* libsrc.raster.dylib in Frameworks */,
				04D1A426255A797000D89385 /* libsrc.tracing.dylib in Frameworks */,
			);
			runOnlyForDeploymentPostprocessing = 0;
		};
		04D1A26A255A75EA00D89385 /* Frameworks */ = {
			isa = PBXFrameworksBuildPhase;
			buildActionMask = 2147483647;
			files = (
			);
			runOnlyForDeploymentPostprocessing = 0;
		};
		04D1A27B255A75F400D89385 /* Frameworks */ = {
			isa = PBXFrameworksBuildPhase;
			buildActionMask = 2147483647;
			files = (
			);
			runOnlyForDeploymentPostprocessing = 0;
		};
		04D1A28D255A761500D89385 /* Frameworks */ = {
			isa = PBXFrameworksBuildPhase;
			buildActionMask = 2147483647;
			files = (
			);
			runOnlyForDeploymentPostprocessing = 0;
		};
		04D1A2A4255A763C00D89385 /* Frameworks */ = {
			isa = PBXFrameworksBuildPhase;
			buildActionMask = 2147483647;
			files = (
			);
			runOnlyForDeploymentPostprocessing = 0;
		};
		04D1A2B7255A764F00D89385 /* Frameworks */ = {
			isa = PBXFrameworksBuildPhase;
			buildActionMask = 2147483647;
			files = (
			);
			runOnlyForDeploymentPostprocessing = 0;
		};
/* End PBXFrameworksBuildPhase section */

/* Begin PBXGroup section */
		04D1A250255A755100D89385 = {
			isa = PBXGroup;
			children = (
				04D1A27E255A75F400D89385 /* src.algos */,
				04D1A26D255A75EA00D89385 /* src.tracing */,
				04D1A290255A761500D89385 /* src.raster */,
				04D1A25B255A755100D89385 /* apps */,
				04D1A2BB255A764F00D89385 /* unit_tests.algos */,
				04D1A2A7255A763C00D89385 /* external */,
				04D1A25A255A755100D89385 /* Products */,
				04D1A425255A797000D89385 /* Frameworks */,
			);
			sourceTree = "<group>";
		};
		04D1A25A255A755100D89385 /* Products */ = {
			isa = PBXGroup;
			children = (
				04D1A259255A755100D89385 /* apps */,
				04D1A26C255A75EA00D89385 /* libsrc.tracing.dylib */,
				04D1A27D255A75F400D89385 /* libsrc.algos.dylib */,
				04D1A28F255A761500D89385 /* libsrc.raster.dylib */,
				04D1A2A6255A763C00D89385 /* libexternal.dylib */,
				04D1A2BA255A764F00D89385 /* unit_tests.algos */,
			);
			name = Products;
			sourceTree = "<group>";
		};
		04D1A25B255A755100D89385 /* apps */ = {
			isa = PBXGroup;
			children = (
				04D1A3FD255A787C00D89385 /* apps.entitlements */,
				04D1A25C255A755100D89385 /* raytracing.cpp */,
				0449C028255A7BC500D3866B /* raymarching.cpp */,
				04ABA2E5255CF24200435C2C /* rasterization.cpp */,
			);
			path = apps;
			sourceTree = "<group>";
		};
		04D1A26D255A75EA00D89385 /* src.tracing */ = {
			isa = PBXGroup;
			children = (
				04D1A315255A773F00D89385 /* constants.h */,
				04D1A327255A774000D89385 /* parallel.h */,
				04D1A32D255A774000D89385 /* parallel-inl.h */,
				04D1A32E255A774000D89385 /* parallel.cpp */,
				04D1A31E255A774000D89385 /* pbr.h */,
				04D1A32F255A774000D89385 /* vec3.h */,
				04D1A323255A774000D89385 /* aabb.h */,
				04D1A316255A773F00D89385 /* color.h */,
				04D1A330255A774000D89385 /* ray.h */,
				04D1A314255A773F00D89385 /* hittable.h */,
				04D1A312255A773F00D89385 /* hittable.cpp */,
				04D1A391255A778000D89385 /* hittable */,
				04D1A32A255A774000D89385 /* camera.h */,
				04D1A317255A773F00D89385 /* material.h */,
				04D1A31A255A773F00D89385 /* material.cpp */,
				04D1A328255A774000D89385 /* texture.h */,
				04D1A31C255A773F00D89385 /* texture.cpp */,
				04D1A324255A774000D89385 /* stb_image_importer.h */,
				04D1A32B255A774000D89385 /* perlin.h */,
				04D1A311255A773F00D89385 /* onb.h */,
				04D1A322255A774000D89385 /* onb.cpp */,
				04D1A31B255A773F00D89385 /* pdf.h */,
			);
			path = src.tracing;
			sourceTree = "<group>";
		};
		04D1A27E255A75F400D89385 /* src.algos */ = {
			isa = PBXGroup;
			children = (
				04D1A2FE255A772C00D89385 /* stack.hpp */,
				04D1A2FC255A772C00D89385 /* stack.cpp */,
				04D1A2FD255A772C00D89385 /* linked_list.hpp */,
				04D1A2FB255A772C00D89385 /* linked_list.cpp */,
			);
			path = src.algos;
			sourceTree = "<group>";
		};
		04D1A290255A761500D89385 /* src.raster */ = {
			isa = PBXGroup;
			children = (
				04219B25255CFB5A00E0EE24 /* model.h */,
				04219B24255CFB5A00E0EE24 /* model.cpp */,
				04219B34255CFB8400E0EE24 /* geometry.h */,
				04219B49255E262B00E0EE24 /* geometry.cpp */,
				04ABA2D2255CF21700435C2C /* tgaimage.h */,
				04ABA2D3255CF21700435C2C /* tgaimage.cpp */,
				04219B52255E268700E0EE24 /* our_gl.h */,
				04219B51255E268700E0EE24 /* our_gl.cpp */,
			);
			path = src.raster;
			sourceTree = "<group>";
		};
		04D1A2A7255A763C00D89385 /* external */ = {
			isa = PBXGroup;
			children = (
				04D1A2E0255A76CC00D89385 /* stb_image.h */,
				04D1A2DF255A76CC00D89385 /* stb_image_write.h */,
			);
			path = external;
			sourceTree = "<group>";
		};
		04D1A2BB255A764F00D89385 /* unit_tests.algos */ = {
			isa = PBXGroup;
			children = (
				04D1A404255A788100D89385 /* unit_tests.algos.entitlements */,
				04D1A3F2255A781B00D89385 /* stack_tests.cpp */,
				04D1A3F3255A781C00D89385 /* linked_list_tests.cpp */,
			);
			path = unit_tests.algos;
			sourceTree = "<group>";
		};
		04D1A391255A778000D89385 /* hittable */ = {
			isa = PBXGroup;
			children = (
				04D1A31D255A774000D89385 /* sphere.h */,
				04D1A321255A774000D89385 /* sphere.cpp */,
				04D1A310255A773F00D89385 /* moving_sphere.h */,
				04D1A30F255A773F00D89385 /* moving_sphere.cpp */,
				04D1A313255A773F00D89385 /* hittable_list.h */,
				04D1A320255A774000D89385 /* hittable_list.cpp */,
				04D1A32C255A774000D89385 /* aarect.h */,
				04D1A318255A773F00D89385 /* aarect.cpp */,
				04D1A325255A774000D89385 /* box.h */,
				04D1A31F255A774000D89385 /* box.cpp */,
				04D1A331255A774000D89385 /* bvh.h */,
				04D1A326255A774000D89385 /* bvh.cpp */,
				04D1A319255A773F00D89385 /* constant_medium.h */,
				04D1A329255A774000D89385 /* constant_medium.cpp */,
			);
			name = hittable;
			sourceTree = "<group>";
		};
		04D1A425255A797000D89385 /* Frameworks */ = {
			isa = PBXGroup;
			children = (
			);
			name = Frameworks;
			sourceTree = "<group>";
		};
/* End PBXGroup section */

/* Begin PBXHeadersBuildPhase section */
		04D1A268255A75EA00D89385 /* Headers */ = {
			isa = PBXHeadersBuildPhase;
			buildActionMask = 2147483647;
			files = (
				04D1A34B255A774000D89385 /* texture.h in Headers */,
				04D1A341255A774000D89385 /* pbr.h in Headers */,
				04D1A339255A774000D89385 /* color.h in Headers */,
				04D1A346255A774000D89385 /* aabb.h in Headers */,
				04D1A352255A774000D89385 /* vec3.h in Headers */,
				04D1A34E255A774000D89385 /* perlin.h in Headers */,
				04D1A33C255A774000D89385 /* constant_medium.h in Headers */,
				04D1A338255A774000D89385 /* constants.h in Headers */,
				04D1A34A255A774000D89385 /* parallel.h in Headers */,
				04D1A336255A774000D89385 /* hittable_list.h in Headers */,
				04D1A33A255A774000D89385 /* material.h in Headers */,
				04D1A353255A774000D89385 /* ray.h in Headers */,
				04D1A347255A774000D89385 /* stb_image_importer.h in Headers */,
				04D1A34F255A774000D89385 /* aarect.h in Headers */,
				04D1A337255A774000D89385 /* hittable.h in Headers */,
				04D1A33E255A774000D89385 /* pdf.h in Headers */,
				04D1A348255A774000D89385 /* box.h in Headers */,
				04D1A354255A774000D89385 /* bvh.h in Headers */,
				04D1A340255A774000D89385 /* sphere.h in Headers */,
				04D1A334255A774000D89385 /* onb.h in Headers */,
				04D1A350255A774000D89385 /* parallel-inl.h in Headers */,
				04D1A333255A774000D89385 /* moving_sphere.h in Headers */,
				04D1A34D255A774000D89385 /* camera.h in Headers */,
			);
			runOnlyForDeploymentPostprocessing = 0;
		};
		04D1A279255A75F400D89385 /* Headers */ = {
			isa = PBXHeadersBuildPhase;
			buildActionMask = 2147483647;
			files = (
				04D1A301255A772C00D89385 /* linked_list.hpp in Headers */,
				04D1A302255A772C00D89385 /* stack.hpp in Headers */,
			);
			runOnlyForDeploymentPostprocessing = 0;
		};
		04D1A28B255A761500D89385 /* Headers */ = {
			isa = PBXHeadersBuildPhase;
			buildActionMask = 2147483647;
			files = (
				04219B54255E268700E0EE24 /* our_gl.h in Headers */,
				04219B27255CFB5A00E0EE24 /* model.h in Headers */,
				04ABA2D4255CF21700435C2C /* tgaimage.h in Headers */,
				04219B35255CFB8400E0EE24 /* geometry.h in Headers */,
			);
			runOnlyForDeploymentPostprocessing = 0;
		};
		04D1A2A2255A763C00D89385 /* Headers */ = {
			isa = PBXHeadersBuildPhase;
			buildActionMask = 2147483647;
			files = (
				04D1A2E2255A76CC00D89385 /* stb_image.h in Headers */,
				04D1A2E1255A76CC00D89385 /* stb_image_write.h in Headers */,
			);
			runOnlyForDeploymentPostprocessing = 0;
		};
/* End PBXHeadersBuildPhase section */

/* Begin PBXNativeTarget section */
		04D1A258255A755100D89385 /* apps */ = {
			isa = PBXNativeTarget;
			buildConfigurationList = 04D1A260255A755100D89385 /* Build configuration list for PBXNativeTarget "apps" */;
			buildPhases = (
				04D1A255255A755100D89385 /* Sources */,
				04D1A256255A755100D89385 /* Frameworks */,
				04D1A257255A755100D89385 /* CopyFiles */,
			);
			buildRules = (
			);
			dependencies = (
				04ABA2E3255CF22A00435C2C /* PBXTargetDependency */,
				04D1A424255A796A00D89385 /* PBXTargetDependency */,
			);
			name = apps;
			productName = DigitalFundamental;
			productReference = 04D1A259255A755100D89385 /* apps */;
			productType = "com.apple.product-type.tool";
		};
		04D1A26B255A75EA00D89385 /* src.tracing */ = {
			isa = PBXNativeTarget;
			buildConfigurationList = 04D1A276255A75EA00D89385 /* Build configuration list for PBXNativeTarget "src.tracing" */;
			buildPhases = (
				04D1A268255A75EA00D89385 /* Headers */,
				04D1A269255A75EA00D89385 /* Sources */,
				04D1A26A255A75EA00D89385 /* Frameworks */,
			);
			buildRules = (
			);
			dependencies = (
			);
			name = src.tracing;
			productName = src.tracing;
			productReference = 04D1A26C255A75EA00D89385 /* libsrc.tracing.dylib */;
			productType = "com.apple.product-type.library.dynamic";
		};
		04D1A27C255A75F400D89385 /* src.algos */ = {
			isa = PBXNativeTarget;
			buildConfigurationList = 04D1A285255A75F500D89385 /* Build configuration list for PBXNativeTarget "src.algos" */;
			buildPhases = (
				04D1A279255A75F400D89385 /* Headers */,
				04D1A27A255A75F400D89385 /* Sources */,
				04D1A27B255A75F400D89385 /* Frameworks */,
			);
			buildRules = (
			);
			dependencies = (
			);
			name = src.algos;
			productName = src.algos;
			productReference = 04D1A27D255A75F400D89385 /* libsrc.algos.dylib */;
			productType = "com.apple.product-type.library.dynamic";
		};
		04D1A28E255A761500D89385 /* src.raster */ = {
			isa = PBXNativeTarget;
			buildConfigurationList = 04D1A297255A761500D89385 /* Build configuration list for PBXNativeTarget "src.raster" */;
			buildPhases = (
				04D1A28B255A761500D89385 /* Headers */,
				04D1A28C255A761500D89385 /* Sources */,
				04D1A28D255A761500D89385 /* Frameworks */,
			);
			buildRules = (
			);
			dependencies = (
			);
			name = src.raster;
			productName = src.raster;
			productReference = 04D1A28F255A761500D89385 /* libsrc.raster.dylib */;
			productType = "com.apple.product-type.library.dynamic";
		};
		04D1A2A5255A763C00D89385 /* external */ = {
			isa = PBXNativeTarget;
			buildConfigurationList = 04D1A2AE255A763C00D89385 /* Build configuration list for PBXNativeTarget "external" */;
			buildPhases = (
				04D1A2A2255A763C00D89385 /* Headers */,
				04D1A2A3255A763C00D89385 /* Sources */,
				04D1A2A4255A763C00D89385 /* Frameworks */,
			);
			buildRules = (
			);
			dependencies = (
			);
			name = external;
			productName = external;
			productReference = 04D1A2A6255A763C00D89385 /* libexternal.dylib */;
			productType = "com.apple.product-type.library.dynamic";
		};
		04D1A2B9255A764F00D89385 /* unit_tests.algos */ = {
			isa = PBXNativeTarget;
			buildConfigurationList = 04D1A2BE255A764F00D89385 /* Build configuration list for PBXNativeTarget "unit_tests.algos" */;
			buildPhases = (
				04D1A2B6255A764F00D89385 /* Sources */,
				04D1A2B7255A764F00D89385 /* Frameworks */,
				04D1A2B8255A764F00D89385 /* CopyFiles */,
			);
			buildRules = (
			);
			dependencies = (
			);
			name = unit_tests.algos;
			productName = unit_tests.algos;
			productReference = 04D1A2BA255A764F00D89385 /* unit_tests.algos */;
			productType = "com.apple.product-type.tool";
		};
/* End PBXNativeTarget section */

/* Begin PBXProject section */
		04D1A251255A755100D89385 /* Project object */ = {
			isa = PBXProject;
			attributes = {
				LastUpgradeCheck = 1210;
				TargetAttributes = {
					04D1A258255A755100D89385 = {
						CreatedOnToolsVersion = 12.1;
					};
					04D1A26B255A75EA00D89385 = {
						CreatedOnToolsVersion = 12.1;
					};
					04D1A27C255A75F400D89385 = {
						CreatedOnToolsVersion = 12.1;
					};
					04D1A28E255A761500D89385 = {
						CreatedOnToolsVersion = 12.1;
					};
					04D1A2A5255A763C00D89385 = {
						CreatedOnToolsVersion = 12.1;
					};
					04D1A2B9255A764F00D89385 = {
						CreatedOnToolsVersion = 12.1;
					};
				};
			};
			buildConfigurationList = 04D1A254255A755100D89385 /* Build configuration list for PBXProject "DigitalFundamental" */;
			compatibilityVersion = "Xcode 9.3";
			developmentRegion = en;
			hasScannedForEncodings = 0;
			knownRegions = (
				en,
				Base,
			);
			mainGroup = 04D1A250255A755100D89385;
			productRefGroup = 04D1A25A255A755100D89385 /* Products */;
			projectDirPath = "";
			projectRoot = "";
			targets = (
				04D1A27C255A75F400D89385 /* src.algos */,
				04D1A26B255A75EA00D89385 /* src.tracing */,
				04D1A28E255A761500D89385 /* src.raster */,
				04D1A258255A755100D89385 /* apps */,
				04D1A2B9255A764F00D89385 /* unit_tests.algos */,
				04D1A2A5255A763C00D89385 /* external */,
			);
		};
/* End PBXProject section */

/* Begin PBXSourcesBuildPhase section */
		04D1A255255A755100D89385 /* Sources */ = {
			isa = PBXSourcesBuildPhase;
			buildActionMask = 2147483647;
			files = (
				04219B17255CF2F500E0EE24 /* rasterization.cpp in Sources */,
			);
			runOnlyForDeploymentPostprocessing = 0;
		};
		04D1A269255A75EA00D89385 /* Sources */ = {
			isa = PBXSourcesBuildPhase;
			buildActionMask = 2147483647;
			files = (
				04D1A33D255A774000D89385 /* material.cpp in Sources */,
				04D1A343255A774000D89385 /* hittable_list.cpp in Sources */,
				04D1A351255A774000D89385 /* parallel.cpp in Sources */,
				04D1A344255A774000D89385 /* sphere.cpp in Sources */,
				04D1A335255A774000D89385 /* hittable.cpp in Sources */,
				04D1A33B255A774000D89385 /* aarect.cpp in Sources */,
				04D1A342255A774000D89385 /* box.cpp in Sources */,
				04D1A345255A774000D89385 /* onb.cpp in Sources */,
				04D1A332255A774000D89385 /* moving_sphere.cpp in Sources */,
				04D1A349255A774000D89385 /* bvh.cpp in Sources */,
				04D1A33F255A774000D89385 /* texture.cpp in Sources */,
				04D1A34C255A774000D89385 /* constant_medium.cpp in Sources */,
			);
			runOnlyForDeploymentPostprocessing = 0;
		};
		04D1A27A255A75F400D89385 /* Sources */ = {
			isa = PBXSourcesBuildPhase;
			buildActionMask = 2147483647;
			files = (
				04D1A300255A772C00D89385 /* stack.cpp in Sources */,
				04D1A2FF255A772C00D89385 /* linked_list.cpp in Sources */,
			);
			runOnlyForDeploymentPostprocessing = 0;
		};
		04D1A28C255A761500D89385 /* Sources */ = {
			isa = PBXSourcesBuildPhase;
			buildActionMask = 2147483647;
			files = (
				04ABA2D5255CF21700435C2C /* tgaimage.cpp in Sources */,
				04219B26255CFB5A00E0EE24 /* model.cpp in Sources */,
				04219B4A255E262B00E0EE24 /* geometry.cpp in Sources */,
				04219B53255E268700E0EE24 /* our_gl.cpp in Sources */,
			);
			runOnlyForDeploymentPostprocessing = 0;
		};
		04D1A2A3255A763C00D89385 /* Sources */ = {
			isa = PBXSourcesBuildPhase;
			buildActionMask = 2147483647;
			files = (
			);
			runOnlyForDeploymentPostprocessing = 0;
		};
		04D1A2B6255A764F00D89385 /* Sources */ = {
			isa = PBXSourcesBuildPhase;
			buildActionMask = 2147483647;
			files = (
				04D1A3F6255A781C00D89385 /* linked_list_tests.cpp in Sources */,
				04D1A3F5255A781C00D89385 /* stack_tests.cpp in Sources */,
			);
			runOnlyForDeploymentPostprocessing = 0;
		};
/* End PBXSourcesBuildPhase section */

/* Begin PBXTargetDependency section */
		04ABA2E3255CF22A00435C2C /* PBXTargetDependency */ = {
			isa = PBXTargetDependency;
			target = 04D1A28E255A761500D89385 /* src.raster */;
			targetProxy = 04ABA2E2255CF22A00435C2C /* PBXContainerItemProxy */;
		};
		04D1A424255A796A00D89385 /* PBXTargetDependency */ = {
			isa = PBXTargetDependency;
			target = 04D1A26B255A75EA00D89385 /* src.tracing */;
			targetProxy = 04D1A423255A796A00D89385 /* PBXContainerItemProxy */;
		};
/* End PBXTargetDependency section */

/* Begin XCBuildConfiguration section */
		04D1A25E255A755100D89385 /* Debug */ = {
			isa = XCBuildConfiguration;
			buildSettings = {
				ALWAYS_SEARCH_USER_PATHS = NO;
				CLANG_ANALYZER_NONNULL = YES;
				CLANG_ANALYZER_NUMBER_OBJECT_CONVERSION = YES_AGGRESSIVE;
				CLANG_CXX_LANGUAGE_STANDARD = "gnu++14";
				CLANG_CXX_LIBRARY = "libc++";
				CLANG_ENABLE_MODULES = YES;
				CLANG_ENABLE_OBJC_ARC = YES;
				CLANG_ENABLE_OBJC_WEAK = YES;
				CLANG_WARN_BLOCK_CAPTURE_AUTORELEASING = YES;
				CLANG_WARN_BOOL_CONVERSION = YES;
				CLANG_WARN_COMMA = YES;
				CLANG_WARN_CONSTANT_CONVERSION = YES;
				CLANG_WARN_DEPRECATED_OBJC_IMPLEMENTATIONS = YES;
				CLANG_WARN_DIRECT_OBJC_ISA_USAGE = YES_ERROR;
				CLANG_WARN_DOCUMENTATION_COMMENTS = YES;
				CLANG_WARN_EMPTY_BODY = YES;
				CLANG_WARN_ENUM_CONVERSION = YES;
				CLANG_WARN_INFINITE_RECURSION = YES;
				CLANG_WARN_INT_CONVERSION = YES;
				CLANG_WARN_NON_LITERAL_NULL_CONVERSION = YES;
				CLANG_WARN_OBJC_IMPLICIT_RETAIN_SELF = YES;
				CLANG_WARN_OBJC_LITERAL_CONVERSION = YES;
				CLANG_WARN_OBJC_ROOT_CLASS = YES_ERROR;
				CLANG_WARN_QUOTED_INCLUDE_IN_FRAMEWORK_HEADER = YES;
				CLANG_WARN_RANGE_LOOP_ANALYSIS = YES;
				CLANG_WARN_STRICT_PROTOTYPES = YES;
				CLANG_WARN_SUSPICIOUS_MOVE = YES;
				CLANG_WARN_UNGUARDED_AVAILABILITY = YES_AGGRESSIVE;
				CLANG_WARN_UNREACHABLE_CODE = YES;
				CLANG_WARN__DUPLICATE_METHOD_MATCH = YES;
				COPY_PHASE_STRIP = NO;
				DEBUG_INFORMATION_FORMAT = dwarf;
				ENABLE_STRICT_OBJC_MSGSEND = YES;
				ENABLE_TESTABILITY = YES;
				GCC_C_LANGUAGE_STANDARD = gnu11;
				GCC_DYNAMIC_NO_PIC = NO;
				GCC_NO_COMMON_BLOCKS = YES;
				GCC_OPTIMIZATION_LEVEL = 0;
				GCC_PREPROCESSOR_DEFINITIONS = (
					"DEBUG=1",
					"$(inherited)",
				);
				GCC_WARN_64_TO_32_BIT_CONVERSION = YES;
				GCC_WARN_ABOUT_RETURN_TYPE = YES_ERROR;
				GCC_WARN_UNDECLARED_SELECTOR = YES;
				GCC_WARN_UNINITIALIZED_AUTOS = YES_AGGRESSIVE;
				GCC_WARN_UNUSED_FUNCTION = YES;
				GCC_WARN_UNUSED_VARIABLE = YES;
				MACOSX_DEPLOYMENT_TARGET = 10.15;
				MTL_ENABLE_DEBUG_INFO = INCLUDE_SOURCE;
				MTL_FAST_MATH = YES;
				ONLY_ACTIVE_ARCH = YES;
				SDKROOT = macosx;
			};
			name = Debug;
		};
		04D1A25F255A755100D89385 /* Release */ = {
			isa = XCBuildConfiguration;
			buildSettings = {
				ALWAYS_SEARCH_USER_PATHS = NO;
				CLANG_ANALYZER_NONNULL = YES;
				CLANG_ANALYZER_NUMBER_OBJECT_CONVERSION = YES_AGGRESSIVE;
				CLANG_CXX_LANGUAGE_STANDARD = "gnu++14";
				CLANG_CXX_LIBRARY = "libc++";
				CLANG_ENABLE_MODULES = YES;
				CLANG_ENABLE_OBJC_ARC = YES;
				CLANG_ENABLE_OBJC_WEAK = YES;
				CLANG_WARN_BLOCK_CAPTURE_AUTORELEASING = YES;
				CLANG_WARN_BOOL_CONVERSION = YES;
				CLANG_WARN_COMMA = YES;
				CLANG_WARN_CONSTANT_CONVERSION = YES;
				CLANG_WARN_DEPRECATED_OBJC_IMPLEMENTATIONS = YES;
				CLANG_WARN_DIRECT_OBJC_ISA_USAGE = YES_ERROR;
				CLANG_WARN_DOCUMENTATION_COMMENTS = YES;
				CLANG_WARN_EMPTY_BODY = YES;
				CLANG_WARN_ENUM_CONVERSION = YES;
				CLANG_WARN_INFINITE_RECURSION = YES;
				CLANG_WARN_INT_CONVERSION = YES;
				CLANG_WARN_NON_LITERAL_NULL_CONVERSION = YES;
				CLANG_WARN_OBJC_IMPLICIT_RETAIN_SELF = YES;
				CLANG_WARN_OBJC_LITERAL_CONVERSION = YES;
				CLANG_WARN_OBJC_ROOT_CLASS = YES_ERROR;
				CLANG_WARN_QUOTED_INCLUDE_IN_FRAMEWORK_HEADER = YES;
				CLANG_WARN_RANGE_LOOP_ANALYSIS = YES;
				CLANG_WARN_STRICT_PROTOTYPES = YES;
				CLANG_WARN_SUSPICIOUS_MOVE = YES;
				CLANG_WARN_UNGUARDED_AVAILABILITY = YES_AGGRESSIVE;
				CLANG_WARN_UNREACHABLE_CODE = YES;
				CLANG_WARN__DUPLICATE_METHOD_MATCH = YES;
				COPY_PHASE_STRIP = NO;
				DEBUG_INFORMATION_FORMAT = "dwarf-with-dsym";
				ENABLE_NS_ASSERTIONS = NO;
				ENABLE_STRICT_OBJC_MSGSEND = YES;
				GCC_C_LANGUAGE_STANDARD = gnu11;
				GCC_NO_COMMON_BLOCKS = YES;
				GCC_WARN_64_TO_32_BIT_CONVERSION = YES;
				GCC_WARN_ABOUT_RETURN_TYPE = YES_ERROR;
				GCC_WARN_UNDECLARED_SELECTOR = YES;
				GCC_WARN_UNINITIALIZED_AUTOS = YES_AGGRESSIVE;
				GCC_WARN_UNUSED_FUNCTION = YES;
				GCC_WARN_UNUSED_VARIABLE = YES;
				MACOSX_DEPLOYMENT_TARGET = 10.15;
				MTL_ENABLE_DEBUG_INFO = NO;
				MTL_FAST_MATH = YES;
				SDKROOT = macosx;
			};
			name = Release;
		};
		04D1A261255A755100D89385 /* Debug */ = {
			isa = XCBuildConfiguration;
			buildSettings = {
				CODE_SIGN_ENTITLEMENTS = apps/apps.entitlements;
				CODE_SIGN_STYLE = Automatic;
				DEVELOPMENT_TEAM = 4SL5L673UU;
				ENABLE_HARDENED_RUNTIME = YES;
				LIBRARY_SEARCH_PATHS = /usr/local/lib;
				OTHER_LDFLAGS = "-ltbb";
				PRODUCT_NAME = "$(TARGET_NAME)";
				SYSTEM_HEADER_SEARCH_PATHS = /usr/local/include;
			};
			name = Debug;
		};
		04D1A262255A755100D89385 /* Release */ = {
			isa = XCBuildConfiguration;
			buildSettings = {
				CODE_SIGN_ENTITLEMENTS = apps/apps.entitlements;
				CODE_SIGN_STYLE = Automatic;
				DEVELOPMENT_TEAM = 4SL5L673UU;
				ENABLE_HARDENED_RUNTIME = YES;
				LIBRARY_SEARCH_PATHS = /usr/local/lib;
				OTHER_LDFLAGS = "-ltbb";
				PRODUCT_NAME = "$(TARGET_NAME)";
				SYSTEM_HEADER_SEARCH_PATHS = /usr/local/include;
			};
			name = Release;
		};
		04D1A274255A75EA00D89385 /* Debug */ = {
			isa = XCBuildConfiguration;
			buildSettings = {
				CODE_SIGN_STYLE = Automatic;
				DEVELOPMENT_TEAM = 4SL5L673UU;
				DYLIB_COMPATIBILITY_VERSION = 1;
				DYLIB_CURRENT_VERSION = 1;
				EXECUTABLE_PREFIX = lib;
				GCC_ENABLE_CPP_EXCEPTIONS = YES;
				GCC_ENABLE_CPP_RTTI = YES;
				GCC_SYMBOLS_PRIVATE_EXTERN = NO;
				LIBRARY_SEARCH_PATHS = /usr/local/lib;
				OTHER_LDFLAGS = "-ltbb";
				PRODUCT_NAME = "$(TARGET_NAME)";
				SKIP_INSTALL = YES;
				SYSTEM_HEADER_SEARCH_PATHS = /usr/local/include;
			};
			name = Debug;
		};
		04D1A275255A75EA00D89385 /* Release */ = {
			isa = XCBuildConfiguration;
			buildSettings = {
				CODE_SIGN_STYLE = Automatic;
				DEVELOPMENT_TEAM = 4SL5L673UU;
				DYLIB_COMPATIBILITY_VERSION = 1;
				DYLIB_CURRENT_VERSION = 1;
				EXECUTABLE_PREFIX = lib;
				GCC_ENABLE_CPP_EXCEPTIONS = YES;
				GCC_ENABLE_CPP_RTTI = YES;
				GCC_SYMBOLS_PRIVATE_EXTERN = NO;
				LIBRARY_SEARCH_PATHS = /usr/local/lib;
				OTHER_LDFLAGS = "-ltbb";
				PRODUCT_NAME = "$(TARGET_NAME)";
				SKIP_INSTALL = YES;
				SYSTEM_HEADER_SEARCH_PATHS = /usr/local/include;
			};
			name = Release;
		};
		04D1A286255A75F500D89385 /* Debug */ = {
			isa = XCBuildConfiguration;
			buildSettings = {
				CLANG_CXX_LANGUAGE_STANDARD = "gnu++17";
				CODE_SIGN_STYLE = Automatic;
				DEVELOPMENT_TEAM = 4SL5L673UU;
				DYLIB_COMPATIBILITY_VERSION = 1;
				DYLIB_CURRENT_VERSION = 1;
				EXECUTABLE_PREFIX = lib;
				GCC_ENABLE_CPP_EXCEPTIONS = YES;
				GCC_ENABLE_CPP_RTTI = YES;
				GCC_SYMBOLS_PRIVATE_EXTERN = YES;
				PRODUCT_NAME = "$(TARGET_NAME)";
				SKIP_INSTALL = YES;
			};
			name = Debug;
		};
		04D1A287255A75F500D89385 /* Release */ = {
			isa = XCBuildConfiguration;
			buildSettings = {
				CLANG_CXX_LANGUAGE_STANDARD = "gnu++17";
				CODE_SIGN_STYLE = Automatic;
				DEVELOPMENT_TEAM = 4SL5L673UU;
				DYLIB_COMPATIBILITY_VERSION = 1;
				DYLIB_CURRENT_VERSION = 1;
				EXECUTABLE_PREFIX = lib;
				GCC_ENABLE_CPP_EXCEPTIONS = YES;
				GCC_ENABLE_CPP_RTTI = YES;
				GCC_SYMBOLS_PRIVATE_EXTERN = YES;
				PRODUCT_NAME = "$(TARGET_NAME)";
				SKIP_INSTALL = YES;
			};
			name = Release;
		};
		04D1A298255A761500D89385 /* Debug */ = {
			isa = XCBuildConfiguration;
			buildSettings = {
				CODE_SIGN_STYLE = Automatic;
				DEVELOPMENT_TEAM = 4SL5L673UU;
				DYLIB_COMPATIBILITY_VERSION = 1;
				DYLIB_CURRENT_VERSION = 1;
				EXECUTABLE_PREFIX = lib;
				GCC_ENABLE_CPP_EXCEPTIONS = YES;
				GCC_ENABLE_CPP_RTTI = YES;
				GCC_SYMBOLS_PRIVATE_EXTERN = YES;
				PRODUCT_NAME = "$(TARGET_NAME)";
				SKIP_INSTALL = YES;
			};
			name = Debug;
		};
		04D1A299255A761500D89385 /* Release */ = {
			isa = XCBuildConfiguration;
			buildSettings = {
				CODE_SIGN_STYLE = Automatic;
				DEVELOPMENT_TEAM = 4SL5L673UU;
				DYLIB_COMPATIBILITY_VERSION = 1;
				DYLIB_CURRENT_VERSION = 1;
				EXECUTABLE_PREFIX = lib;
				GCC_ENABLE_CPP_EXCEPTIONS = YES;
				GCC_ENABLE_CPP_RTTI = YES;
				GCC_SYMBOLS_PRIVATE_EXTERN = YES;
				PRODUCT_NAME = "$(TARGET_NAME)";
				SKIP_INSTALL = YES;
			};
			name = Release;
		};
		04D1A2AF255A763C00D89385 /* Debug */ = {
			isa = XCBuildConfiguration;
			buildSettings = {
				CODE_SIGN_STYLE = Automatic;
				DEVELOPMENT_TEAM = 4SL5L673UU;
				DYLIB_COMPATIBILITY_VERSION = 1;
				DYLIB_CURRENT_VERSION = 1;
				EXECUTABLE_PREFIX = lib;
				GCC_ENABLE_CPP_EXCEPTIONS = YES;
				GCC_ENABLE_CPP_RTTI = YES;
				GCC_SYMBOLS_PRIVATE_EXTERN = YES;
				PRODUCT_NAME = "$(TARGET_NAME)";
				SKIP_INSTALL = YES;
			};
			name = Debug;
		};
		04D1A2B0255A763C00D89385 /* Release */ = {
			isa = XCBuildConfiguration;
			buildSettings = {
				CODE_SIGN_STYLE = Automatic;
				DEVELOPMENT_TEAM = 4SL5L673UU;
				DYLIB_COMPATIBILITY_VERSION = 1;
				DYLIB_CURRENT_VERSION = 1;
				EXECUTABLE_PREFIX = lib;
				GCC_ENABLE_CPP_EXCEPTIONS = YES;
				GCC_ENABLE_CPP_RTTI = YES;
				GCC_SYMBOLS_PRIVATE_EXTERN = YES;
				PRODUCT_NAME = "$(TARGET_NAME)";
				SKIP_INSTALL = YES;
			};
			name = Release;
		};
		04D1A2BF255A764F00D89385 /* Debug */ = {
			isa = XCBuildConfiguration;
			buildSettings = {
				CLANG_CXX_LANGUAGE_STANDARD = "gnu++17";
				CODE_SIGN_ENTITLEMENTS = unit_tests.algos/unit_tests.algos.entitlements;
				CODE_SIGN_STYLE = Automatic;
				DEVELOPMENT_TEAM = 4SL5L673UU;
				ENABLE_HARDENED_RUNTIME = YES;
				LIBRARY_SEARCH_PATHS = /usr/local/lib;
				OTHER_LDFLAGS = (
					"-lgmock",
					"-lgtest",
					"-lgtest_main",
					"-lgmock_main",
				);
				PRODUCT_NAME = "$(TARGET_NAME)";
				SYSTEM_HEADER_SEARCH_PATHS = /usr/local/include;
			};
			name = Debug;
		};
		04D1A2C0255A764F00D89385 /* Release */ = {
			isa = XCBuildConfiguration;
			buildSettings = {
				CLANG_CXX_LANGUAGE_STANDARD = "gnu++17";
				CODE_SIGN_ENTITLEMENTS = unit_tests.algos/unit_tests.algos.entitlements;
				CODE_SIGN_STYLE = Automatic;
				DEVELOPMENT_TEAM = 4SL5L673UU;
				ENABLE_HARDENED_RUNTIME = YES;
				LIBRARY_SEARCH_PATHS = /usr/local/lib;
				OTHER_LDFLAGS = (
					"-lgmock",
					"-lgtest",
					"-lgtest_main",
					"-lgmock_main",
				);
				PRODUCT_NAME = "$(TARGET_NAME)";
				SYSTEM_HEADER_SEARCH_PATHS = /usr/local/include;
			};
			name = Release;
		};
/* End XCBuildConfiguration section */

/* Begin XCConfigurationList section */
		04D1A254255A755100D89385 /* Build configuration list for PBXProject "DigitalFundamental" */ = {
			isa = XCConfigurationList;
			buildConfigurations = (
				04D1A25E255A755100D89385 /* Debug */,
				04D1A25F255A755100D89385 /* Release */,
			);
			defaultConfigurationIsVisible = 0;
			defaultConfigurationName = Release;
		};
		04D1A260255A755100D89385 /* Build configuration list for PBXNativeTarget "apps" */ = {
			isa = XCConfigurationList;
			buildConfigurations = (
				04D1A261255A755100D89385 /* Debug */,
				04D1A262255A755100D89385 /* Release */,
			);
			defaultConfigurationIsVisible = 0;
			defaultConfigurationName = Release;
		};
		04D1A276255A75EA00D89385 /* Build configuration list for PBXNativeTarget "src.tracing" */ = {
			isa = XCConfigurationList;
			buildConfigurations = (
				04D1A274255A75EA00D89385 /* Debug */,
				04D1A275255A75EA00D89385 /* Release */,
			);
			defaultConfigurationIsVisible = 0;
			defaultConfigurationName = Release;
		};
		04D1A285255A75F500D89385 /* Build configuration list for PBXNativeTarget "src.algos" */ = {
			isa = XCConfigurationList;
			buildConfigurations = (
				04D1A286255A75F500D89385 /* Debug */,
				04D1A287255A75F500D89385 /* Release */,
			);
			defaultConfigurationIsVisible = 0;
			defaultConfigurationName = Release;
		};
		04D1A297255A761500D89385 /* Build configuration list for PBXNativeTarget "src.raster" */ = {
			isa = XCConfigurationList;
			buildConfigurations = (
				04D1A298255A761500D89385 /* Debug */,
				04D1A299255A761500D89385 /* Release */,
			);
			defaultConfigurationIsVisible = 0;
			defaultConfigurationName = Release;
		};
		04D1A2AE255A763C00D89385 /* Build configuration list for PBXNativeTarget "external" */ = {
			isa = XCConfigurationList;
			buildConfigurations = (
				04D1A2AF255A763C00D89385 /* Debug */,
				04D1A2B0255A763C00D89385 /* Release */,
			);
			defaultConfigurationIsVisible = 0;
			defaultConfigurationName = Release;
		};
		04D1A2BE255A764F00D89385 /* Build configuration list for PBXNativeTarget "unit_tests.algos" */ = {
			isa = XCConfigurationList;
			buildConfigurations = (
				04D1A2BF255A764F00D89385 /* Debug */,
				04D1A2C0255A764F00D89385 /* Release */,
			);
			defaultConfigurationIsVisible = 0;
			defaultConfigurationName = Release;
		};
/* End XCConfigurationList section */
	};
	rootObject = 04D1A251255A755100D89385 /* Project object */;
}
